{
  "nodes": {
    "__flake-compat": {
      "flake": false,
      "locked": {
        "lastModified": 1751685974,
        "narHash": "sha256-NKw96t+BgHIYzHUjkTK95FqYRVKB8DHpVhefWSz/kTw=",
        "ref": "refs/heads/main",
        "rev": "549f2762aebeff29a2e5ece7a7dc0f955281a1d1",
        "revCount": 92,
        "type": "git",
        "url": "https://git.lix.systems/lix-project/flake-compat.git"
      },
      "original": {
        "type": "git",
        "url": "https://git.lix.systems/lix-project/flake-compat.git"
      }
    },
    "nixos-apple-silicon": {
      "flake": false,
      "locked": {
        "lastModified": 1752227350,
        "narHash": "sha256-vQS1SPgDBj9kB7cOFjCdlL8t1ViqMPIenEWuo5pni9k=",
        "owner": "yuyuyureka",
        "repo": "nixos-apple-silicon",
        "rev": "1f2ad41abf393f2835b938f4c6ee6ecc71bb7df3",
        "type": "github"
      },
      "original": {
        "owner": "yuyuyureka",
        "ref": "minimize-patches",
        "repo": "nixos-apple-silicon",
        "type": "github"
      }
    },
    "nixpkgs": {
      "locked": {
        "lastModified": 1752900028,
        "narHash": "sha256-dPALCtmik9Wr14MGqVXm+OQcv7vhPBXcWNIOThGnB/Q=",
        "owner": "NixOS",
        "repo": "nixpkgs",
        "rev": "6b4955211758ba47fac850c040a27f23b9b4008f",
        "type": "github"
      },
      "original": {
        "owner": "NixOS",
        "ref": "nixpkgs-unstable",
        "repo": "nixpkgs",
        "type": "github"
      }
    },
    "nixpkgs-muvm": {
      "flake": false,
      "locked": {
        "lastModified": 1746131127,
        "narHash": "sha256-Ean8ZaL0+2clYRNzOnBdNYTloXvFw4IfG8XXCUYV4Yw=",
        "owner": "NixOS",
        "repo": "nixpkgs",
        "rev": "8a30e8fcec6df3bdea313b05067a39840756255f",
        "type": "github"
      },
      "original": {
        "owner": "NixOS",
        "ref": "refs/pull/397932/head",
        "repo": "nixpkgs",
        "type": "github"
      }
    },
    "root": {
      "inputs": {
        "__flake-compat": "__flake-compat",
        "nixos-apple-silicon": "nixos-apple-silicon",
        "nixpkgs": "nixpkgs",
        "nixpkgs-muvm": "nixpkgs-muvm"
      }
    }
  },
  "root": "root",
  "version": 7
}
