{
  "nodes": {
    "__flake-compat": {
      "flake": false,
      "locked": {
        "lastModified": 1743448263,
        "narHash": "sha256-PplvwAEkj+/MFkM6Q9V59L6f6i3Tbdc/9yLRf/iwECg=",
        "ref": "refs/heads/main",
        "rev": "6588972962297c7abd300a72c55b2c7e21c1dc54",
        "revCount": 85,
        "type": "git",
        "url": "https://git.lix.systems/lix-project/flake-compat.git"
      },
      "original": {
        "type": "git",
        "url": "https://git.lix.systems/lix-project/flake-compat.git"
      }
    },
    "nixos-apple-silicon": {
      "flake": false,
      "locked": {
        "lastModified": 1744351931,
        "narHash": "sha256-VhbP+gW+joO+afsheF6OORrJ8mXTo9uwtF2leqVSZDU=",
        "owner": "yuyuyureka",
        "repo": "nixos-apple-silicon",
        "rev": "673ac9a53ad0161bb7dfff15fea739561facbba6",
        "type": "github"
      },
      "original": {
        "owner": "yuyuyureka",
        "ref": "minimize-patches",
        "repo": "nixos-apple-silicon",
        "type": "github"
      }
    },
    "nixpkgs": {
      "locked": {
        "lastModified": 1744868846,
        "narHash": "sha256-5RJTdUHDmj12Qsv7XOhuospjAjATNiTMElplWnJE9Hs=",
        "owner": "NixOS",
        "repo": "nixpkgs",
        "rev": "ebe4301cbd8f81c4f8d3244b3632338bbeb6d49c",
        "type": "github"
      },
      "original": {
        "owner": "NixOS",
        "ref": "nixpkgs-unstable",
        "repo": "nixpkgs",
        "type": "github"
      }
    },
    "nixpkgs-muvm": {
      "flake": false,
      "locked": {
        "lastModified": 1745397702,
        "narHash": "sha256-iaA8Jv5ykdai2SkqlmLcjaKT9Jhv1x1g+PntvKhVcOQ=",
        "owner": "NixOS",
        "repo": "nixpkgs",
        "rev": "16263fc6e9e5965ae55fc84b622bdc64986cb3f5",
        "type": "github"
      },
      "original": {
        "owner": "NixOS",
        "ref": "refs/pull/397932/head",
        "repo": "nixpkgs",
        "type": "github"
      }
    },
    "root": {
      "inputs": {
        "__flake-compat": "__flake-compat",
        "nixos-apple-silicon": "nixos-apple-silicon",
        "nixpkgs": "nixpkgs",
        "nixpkgs-muvm": "nixpkgs-muvm"
      }
    }
  },
  "root": "root",
  "version": 7
}
